{
  "requires": true,
  "lockfileVersion": 1,
  "dependencies": {
    "@ngrx/effects": {
      "version": "5.2.0",
      "resolved": "https://registry.npmjs.org/@ngrx/effects/-/effects-5.2.0.tgz",
      "integrity": "sha1-qnYractv1GRNckoc7NJlyqQrrwk="
    },
    "@ngrx/store": {
      "version": "5.2.0",
      "resolved": "https://registry.npmjs.org/@ngrx/store/-/store-5.2.0.tgz",
      "integrity": "sha1-Yn7XTJzZVGKTBIXZEqVXEXsjkD4="
    }
  }
}
