# THIS IS AN AUTOGENERATED FILE. DO NOT EDIT THIS FILE DIRECTLY.
# yarn lockfile v1


"@ngrx/effects@^5.2.0":
  version "5.2.0"
  resolved "https://registry.yarnpkg.com/@ngrx/effects/-/effects-5.2.0.tgz#aa762b69cb6fd4644d724a1cecd265caa42baf09"

"@ngrx/entity@^5.2.0":
  version "5.2.0"
  resolved "https://registry.yarnpkg.com/@ngrx/entity/-/entity-5.2.0.tgz#68b90b3159bb46ec5b2d0de3fa0bf4e80e94972d"

"@ngrx/router-store@^5.2.0":
  version "5.2.0"
  resolved "https://registry.yarnpkg.com/@ngrx/router-store/-/router-store-5.2.0.tgz#bf4b174ce19a36eba8211fc1ddeaf1e35ae74368"

"@ngrx/store@^5.2.0":
  version "5.2.0"
  resolved "https://registry.yarnpkg.com/@ngrx/store/-/store-5.2.0.tgz#627ed74c9cd95462930485d912a557117b23903e"
